<?xml version="1.0" encoding="UTF-8" standalone="yes" ?>
<CodeBlocks_project_file>
	<FileVersion major="1" minor="6" />
	<Project>
		<Option title="CinemaRoom3" />
		<Option pch_mode="2" />
		<Option compiler="gcc" />
		<Build>
			<Target title="Debug">
				<Option output="bin/Debug/CinemaRoom3" prefix_auto="1" extension_auto="1" />
				<Option object_output="obj/Debug/" />
				<Option type="1" />
				<Option compiler="gcc" />
				<Compiler>
					<Add option="-g" />
				</Compiler>
			</Target>
			<Target title="Release">
				<Option output="bin/Release/CinemaRoom3" prefix_auto="1" extension_auto="1" />
				<Option object_output="obj/Release/" />
				<Option type="1" />
				<Option compiler="gcc" />
				<Compiler>
					<Add option="-O2" />
				</Compiler>
				<Linker>
					<Add option="-s" />
				</Linker>
			</Target>
		</Build>
		<Compiler>
			<Add option="-Wall" />
			<Add option="-fexceptions" />
			<Add directory="include" />
		</Compiler>
		<Unit filename="include/Aircondition.h" />
		<Unit filename="include/CinemaRoom.h" />
		<Unit filename="include/CinemaRoom4D.h" />
		<Unit filename="include/Company.h" />
		<Unit filename="include/ConferenceRoom.h" />
		<Unit filename="include/Exception.h" />
		<Unit filename="include/Movie.h" />
		<Unit filename="include/OpeningFileException.h" />
		<Unit filename="include/Projector.h" />
		<Unit filename="include/Room.h" />
		<Unit filename="include/Screen.h" />
		<Unit filename="include/Sound.h" />
		<Unit filename="include/TemperatureIndicator.h" />
		<Unit filename="src/Aircondition.cpp" />
		<Unit filename="src/CinemaRoom.cpp" />
		<Unit filename="src/CinemaRoom4D.cpp" />
		<Unit filename="src/Company.cpp" />
		<Unit filename="src/ConferenceRoom.cpp" />
		<Unit filename="src/Movie.cpp" />
		<Unit filename="src/Projector.cpp" />
		<Unit filename="src/Room.cpp" />
		<Unit filename="src/Screen.cpp" />
		<Unit filename="src/Sound.cpp" />
		<Unit filename="src/TemperatureIndicator.cpp" />
		<Unit filename="src/main.cpp" />
		<Extensions>
			<envvars />
			<code_completion>
				<search_path add="include" />
			</code_completion>
			<debugger />
			<lib_finder disable_auto="1" />
		</Extensions>
	</Project>
</CodeBlocks_project_file>
